
Microsoft Visual Studio Solution File, Format Version 12.00
# Visual Studio Version 17
VisualStudioVersion = 17.10.34928.147
MinimumVisualStudioVersion = 10.0.40219.1
Project("{FAE04EC0-301F-11D3-BF4B-00C04F79EFBC}") = "sergienko_722-a_course_project", "sergienko_722-a_course_project\sergienko_722-a_course_project.csproj", "{09393C83-7130-4834-BA76-131F467CDEA7}"
EndProject
Global
	GlobalSection(SolutionConfigurationPlatforms) = preSolution
		Debug|Any CPU = Debug|Any CPU
		Release|Any CPU = Release|Any CPU
	EndGlobalSection
	GlobalSection(ProjectConfigurationPlatforms) = postSolution
		{09393C83-7130-4834-BA76-131F467CDEA7}.Debug|Any CPU.ActiveCfg = Debug|Any CPU
		{09393C83-7130-4834-BA76-131F467CDEA7}.Debug|Any CPU.Build.0 = Debug|Any CPU
		{09393C83-7130-4834-BA76-131F467CDEA7}.Release|Any CPU.ActiveCfg = Release|Any CPU
		{09393C83-7130-4834-BA76-131F467CDEA7}.Release|Any CPU.Build.0 = Release|Any CPU
	EndGlobalSection
	GlobalSection(SolutionProperties) = preSolution
		HideSolutionNode = FALSE
	EndGlobalSection
	GlobalSection(ExtensibilityGlobals) = postSolution
		SolutionGuid = {022FFDEF-82F8-4716-8870-BA371B4008B8}
	EndGlobalSection
EndGlobal
